<?xml version="1.0" encoding="utf-8"?>
<Project ToolsVersion="4.0" xmlns="http://schemas.microsoft.com/developer/msbuild/2003">
  <ItemGroup>
    <Filter Include="Source Files">
      <UniqueIdentifier>{4FC737F1-C7A5-4376-A066-2A32D752A2FF}</UniqueIdentifier>
      <Extensions>cpp;c;cc;cxx;def;odl;idl;hpj;bat;asm;asmx</Extensions>
    </Filter>
    <Filter Include="Header Files">
      <UniqueIdentifier>{93995380-89BD-4b04-88EB-625FBE52EBFB}</UniqueIdentifier>
      <Extensions>h;hh;hpp;hxx;hm;inl;inc;xsd</Extensions>
    </Filter>
    <Filter Include="Resource Files">
      <UniqueIdentifier>{67DA6AB6-F800-4c08-8B7A-83BB121AAD01}</UniqueIdentifier>
      <Extensions>rc;ico;cur;bmp;dlg;rc2;rct;bin;rgs;gif;jpg;jpeg;jpe;resx;tiff;tif;png;wav;mfcribbon-ms</Extensions>
    </Filter>
  </ItemGroup>
  <ItemGroup>
    <ClInclude Include="src\blueprint\IBlueprint.h">
      <Filter>Header Files</Filter>
    </ClInclude>
    <ClInclude Include="src\commen\dataTypes.h">
      <Filter>Header Files</Filter>
    </ClInclude>
    <ClInclude Include="src\entity\component\components.h">
      <Filter>Header Files</Filter>
    </ClInclude>
    <ClInclude Include="src\entity\component\icomponent.h">
      <Filter>Header Files</Filter>
    </ClInclude>
    <ClInclude Include="src\entity\component\physicComponent.h">
      <Filter>Header Files</Filter>
    </ClInclude>
    <ClInclude Include="src\entity\component\renderableComponent.h">
      <Filter>Header Files</Filter>
    </ClInclude>
    <ClInclude Include="src\entity\component\transformComponent.h">
      <Filter>Header Files</Filter>
    </ClInclude>
    <ClInclude Include="src\entity\entity.h">
      <Filter>Header Files</Filter>
    </ClInclude>
    <ClInclude Include="src\entity\rigidObject.h">
      <Filter>Header Files</Filter>
    </ClInclude>
    <ClInclude Include="src\graphics\camera\camera.h">
      <Filter>Header Files</Filter>
    </ClInclude>
    <ClInclude Include="src\graphics\geometry.h">
      <Filter>Header Files</Filter>
    </ClInclude>
    <ClInclude Include="src\graphics\mesh3D.h">
      <Filter>Header Files</Filter>
    </ClInclude>
    <ClInclude Include="src\graphics\shader.h">
      <Filter>Header Files</Filter>
    </ClInclude>
    <ClInclude Include="src\managers\physicsMgr.h">
      <Filter>Header Files</Filter>
    </ClInclude>
    <ClInclude Include="src\managers\renderMgr.h">
      <Filter>Header Files</Filter>
    </ClInclude>
    <ClInclude Include="src\managers\resourceMgr.h">
      <Filter>Header Files</Filter>
    </ClInclude>
    <ClInclude Include="src\mathematic\math3D.h">
      <Filter>Header Files</Filter>
    </ClInclude>
    <ClInclude Include="src\system\input.h">
      <Filter>Header Files</Filter>
    </ClInclude>
    <ClInclude Include="src\system\logging.h">
      <Filter>Header Files</Filter>
    </ClInclude>
    <ClInclude Include="src\utils\fileIO.h">
      <Filter>Header Files</Filter>
    </ClInclude>
    <ClInclude Include="src\utils\random.h">
      <Filter>Header Files</Filter>
    </ClInclude>
    <ClInclude Include="src\utils\timer.h">
      <Filter>Header Files</Filter>
    </ClInclude>
    <ClInclude Include="src\wrapper\customAllocatorCallback.h">
      <Filter>Header Files</Filter>
    </ClInclude>
    <ClInclude Include="src\wrapper\customErrorCallback.h">
      <Filter>Header Files</Filter>
    </ClInclude>
    <ClInclude Include="src\wrapper\customEventCallback.h">
      <Filter>Header Files</Filter>
    </ClInclude>
    <ClInclude Include="src\wrapper\openGLWrapper.h">
      <Filter>Header Files</Filter>
    </ClInclude>
    <ClInclude Include="src\wrapper\physxWrapper.h">
      <Filter>Header Files</Filter>
    </ClInclude>
    <ClInclude Include="src\engine.h">
      <Filter>Header Files</Filter>
    </ClInclude>
    <ClInclude Include="test\bp_main_simpleTest.h">
      <Filter>Header Files</Filter>
    </ClInclude>
    <ClInclude Include="test\bp_validSurfacePointInstance.h">
      <Filter>Header Files</Filter>
    </ClInclude>
    <ClInclude Include="test\bp_main_validSurfacePoint.h">
      <Filter>Header Files</Filter>
    </ClInclude>
    <ClInclude Include="test\bp_main_simpleRandom.h">
      <Filter>Header Files</Filter>
    </ClInclude>
    <ClInclude Include="test\bp_simpleRandomInstance.h">
      <Filter>Header Files</Filter>
    </ClInclude>
    <ClInclude Include="test\bp_symbolicNumericConversion.h">
      <Filter>Header Files</Filter>
    </ClInclude>
    <ClInclude Include="test\symbolicNumeric\Connectedness.h">
      <Filter>Header Files</Filter>
    </ClInclude>
    <ClInclude Include="test\symbolicNumeric\GeometricalState.h">
      <Filter>Header Files</Filter>
    </ClInclude>
    <ClInclude Include="test\symbolicNumeric\Global.h">
      <Filter>Header Files</Filter>
    </ClInclude>
    <ClInclude Include="test\symbolicNumeric\StateDescriptionReader.h">
      <Filter>Header Files</Filter>
    </ClInclude>
    <ClInclude Include="test\symbolicNumeric\SymbolState.h">
      <Filter>Header Files</Filter>
    </ClInclude>
    <ClInclude Include="test\symbolicNumeric\tinyxml2.h">
      <Filter>Header Files</Filter>
    </ClInclude>
    <ClInclude Include="test\symbolicNumeric\Utils.h">
      <Filter>Header Files</Filter>
    </ClInclude>
    <ClInclude Include="test\symbolicNumeric\Math3D.h">
      <Filter>Header Files</Filter>
    </ClInclude>
    <ClInclude Include="test\symbolicNumeric\spatialRelations.h">
      <Filter>Header Files</Filter>
    </ClInclude>
    <ClInclude Include="test\symbolicNumeric\SpatialProposition.h">
      <Filter>Header Files</Filter>
    </ClInclude>
    <ClInclude Include="test\symbolicNumeric\Scenario.h">
      <Filter>Header Files</Filter>
    </ClInclude>
    <ClInclude Include="test\symbolicNumeric\iPredicate.h">
      <Filter>Header Files</Filter>
    </ClInclude>
    <ClInclude Include="src\entity\component\meshComponent.h">
      <Filter>Header Files</Filter>
    </ClInclude>
    <ClInclude Include="src\graphics\mesh.h">
      <Filter>Header Files</Filter>
    </ClInclude>
    <ClInclude Include="src\gui\window.h">
      <Filter>Header Files</Filter>
    </ClInclude>
    <ClInclude Include="src\graphics\bounds.h">
      <Filter>Header Files</Filter>
    </ClInclude>
    <ClInclude Include="src\graphics\shape.h">
      <Filter>Header Files</Filter>
    </ClInclude>
    <ClInclude Include="src\utils\utility.h">
      <Filter>Header Files</Filter>
    </ClInclude>
  </ItemGroup>
  <ItemGroup>
    <ClCompile Include="main.cpp">
      <Filter>Source Files</Filter>
    </ClCompile>
    <ClCompile Include="src\entity\component\physicComponent.cpp">
      <Filter>Source Files</Filter>
    </ClCompile>
    <ClCompile Include="src\entity\component\renderableComponent.cpp">
      <Filter>Source Files</Filter>
    </ClCompile>
    <ClCompile Include="src\entity\component\transformComponent.cpp">
      <Filter>Source Files</Filter>
    </ClCompile>
    <ClCompile Include="src\entity\entity.cpp">
      <Filter>Source Files</Filter>
    </ClCompile>
    <ClCompile Include="src\entity\rigidObject.cpp">
      <Filter>Source Files</Filter>
    </ClCompile>
    <ClCompile Include="src\graphics\camera\camera.cpp">
      <Filter>Source Files</Filter>
    </ClCompile>
    <ClCompile Include="src\graphics\geometry.cpp">
      <Filter>Source Files</Filter>
    </ClCompile>
    <ClCompile Include="src\graphics\shader.cpp">
      <Filter>Source Files</Filter>
    </ClCompile>
    <ClCompile Include="src\gui\window.cpp">
      <Filter>Source Files</Filter>
    </ClCompile>
    <ClCompile Include="src\managers\physicsMgr.cpp">
      <Filter>Source Files</Filter>
    </ClCompile>
    <ClCompile Include="src\managers\renderMgr.cpp">
      <Filter>Source Files</Filter>
    </ClCompile>
    <ClCompile Include="src\managers\resourceMgr.cpp">
      <Filter>Source Files</Filter>
    </ClCompile>
    <ClCompile Include="src\system\input.cpp">
      <Filter>Source Files</Filter>
    </ClCompile>
    <ClCompile Include="src\system\logging.cpp">
      <Filter>Source Files</Filter>
    </ClCompile>
    <ClCompile Include="src\utils\fileIO.cpp">
      <Filter>Source Files</Filter>
    </ClCompile>
    <ClCompile Include="src\utils\fileOBJ.cpp">
      <Filter>Source Files</Filter>
    </ClCompile>
    <ClCompile Include="src\utils\timer.cpp">
      <Filter>Source Files</Filter>
    </ClCompile>
    <ClCompile Include="src\wrapper\customAllocatorCallback.cpp">
      <Filter>Source Files</Filter>
    </ClCompile>
    <ClCompile Include="src\wrapper\customErrorCallback.cpp">
      <Filter>Source Files</Filter>
    </ClCompile>
    <ClCompile Include="src\wrapper\customEventCallback.cpp">
      <Filter>Source Files</Filter>
    </ClCompile>
    <ClCompile Include="test\symbolicNumeric\Connectedness.cpp">
      <Filter>Source Files</Filter>
    </ClCompile>
    <ClCompile Include="test\symbolicNumeric\GeometricalState.cpp">
      <Filter>Source Files</Filter>
    </ClCompile>
    <ClCompile Include="test\symbolicNumeric\StateDescriptionReader.cpp">
      <Filter>Source Files</Filter>
    </ClCompile>
    <ClCompile Include="test\symbolicNumeric\SymbolState.cpp">
      <Filter>Source Files</Filter>
    </ClCompile>
    <ClCompile Include="test\symbolicNumeric\tinyxml2.cpp">
      <Filter>Source Files</Filter>
    </ClCompile>
    <ClCompile Include="test\symbolicNumeric\scenario.cpp">
      <Filter>Source Files</Filter>
    </ClCompile>
    <ClCompile Include="src\entity\component\meshComponent.cpp">
      <Filter>Source Files</Filter>
    </ClCompile>
    <ClCompile Include="src\engine.cpp">
      <Filter>Source Files</Filter>
    </ClCompile>
    <ClCompile Include="src\graphics\mesh.cpp">
      <Filter>Source Files</Filter>
    </ClCompile>
    <ClCompile Include="src\utils\utility.cpp">
      <Filter>Source Files</Filter>
    </ClCompile>
  </ItemGroup>
  <ItemGroup>
    <None Include="PhysX3_x64.dll" />
    <None Include="PhysX3Common_x64.dll" />
    <None Include="PhysX3Cooking_x64.dll" />
    <None Include="SDL2.dll" />
    <None Include="glew32.dll" />
  </ItemGroup>
  <ItemGroup>
    <Text Include="table_round.txt" />
  </ItemGroup>
</Project>